// !$*UTF8*$!
{
	archiveVersion = 1;
	classes = {
	};
	objectVersion = 46;
	objects = {

/* Begin PBXBuildFile section */
		5738FEF13F2F50F7093F9371 /* Pods_Runner.framework in Frameworks */ = {isa = PBXBuildFile; fileRef = 0E823B3879A7395BC18FCA82 /* Pods_Runner.framework */; };
		D021387C1E59A4CB00BB57DC /* User.swift in Sources */ = {isa = PBXBuildFile; fileRef = D021387B1E59A4CB00BB57DC /* User.swift */; };
		D02138821E5AE11C00BB57DC /* FeedCell.swift in Sources */ = {isa = PBXBuildFile; fileRef = D02138811E5AE11C00BB57DC /* FeedCell.swift */; };
		D02A28351E70A9DC00594B02 /* RunDetailsViewModel.swift in Sources */ = {isa = PBXBuildFile; fileRef = D02A28341E70A9DC00594B02 /* RunDetailsViewModel.swift */; };
		D02A28371E70AE6300594B02 /* RunDetailsCell00.swift in Sources */ = {isa = PBXBuildFile; fileRef = D02A28361E70AE6300594B02 /* RunDetailsCell00.swift */; };
		D02A28391E7205BF00594B02 /* RunDetailsCell01.swift in Sources */ = {isa = PBXBuildFile; fileRef = D02A28381E7205BF00594B02 /* RunDetailsCell01.swift */; };
		D02A283C1E72071400594B02 /* RunDetailsCell02.swift in Sources */ = {isa = PBXBuildFile; fileRef = D02A283B1E72071400594B02 /* RunDetailsCell02.swift */; };
		D02A283E1E72092300594B02 /* RunDetailsCell03.swift in Sources */ = {isa = PBXBuildFile; fileRef = D02A283D1E72092300594B02 /* RunDetailsCell03.swift */; };
		D0307DA71E6E1A260046C7B9 /* Extensions.swift in Sources */ = {isa = PBXBuildFile; fileRef = D0307DA61E6E1A260046C7B9 /* Extensions.swift */; };
		D0307DA91E6F235B0046C7B9 /* RunDetailsViewController.swift in Sources */ = {isa = PBXBuildFile; fileRef = D0307DA81E6F235B0046C7B9 /* RunDetailsViewController.swift */; };
		D03124471E3EF11000C82B52 /* AppDelegate.swift in Sources */ = {isa = PBXBuildFile; fileRef = D03124461E3EF11000C82B52 /* AppDelegate.swift */; };
		D03124491E3EF11000C82B52 /* RunningViewController.swift in Sources */ = {isa = PBXBuildFile; fileRef = D03124481E3EF11000C82B52 /* RunningViewController.swift */; };
		D031244C1E3EF11000C82B52 /* Main.storyboard in Resources */ = {isa = PBXBuildFile; fileRef = D031244A1E3EF11000C82B52 /* Main.storyboard */; };
		D031244E1E3EF11000C82B52 /* Assets.xcassets in Resources */ = {isa = PBXBuildFile; fileRef = D031244D1E3EF11000C82B52 /* Assets.xcassets */; };
		D03124511E3EF11000C82B52 /* LaunchScreen.storyboard in Resources */ = {isa = PBXBuildFile; fileRef = D031244F1E3EF11000C82B52 /* LaunchScreen.storyboard */; };
		D03B7DB61E58DFB500AD24D8 /* RawValueFormatter.swift in Sources */ = {isa = PBXBuildFile; fileRef = D03B7DB51E58DFB500AD24D8 /* RawValueFormatter.swift */; };
		D047A35B1E57CB9400B731E5 /* FeedViewModel.swift in Sources */ = {isa = PBXBuildFile; fileRef = D047A35A1E57CB9400B731E5 /* FeedViewModel.swift */; };
		D05780431E49C3CB00A69A23 /* YAxisValueFormatter.swift in Sources */ = {isa = PBXBuildFile; fileRef = D05780421E49C3CB00A69A23 /* YAxisValueFormatter.swift */; };
		D05780451E49CA7400A69A23 /* ChartValueFormatter.swift in Sources */ = {isa = PBXBuildFile; fileRef = D05780441E49CA7400A69A23 /* ChartValueFormatter.swift */; };
		D06CC4741E53A9A700BAEF17 /* Motivation.swift in Sources */ = {isa = PBXBuildFile; fileRef = D06CC4731E53A9A700BAEF17 /* Motivation.swift */; };
		D06CC4761E53D13400BAEF17 /* FeedViewController.swift in Sources */ = {isa = PBXBuildFile; fileRef = D06CC4751E53D13400BAEF17 /* FeedViewController.swift */; };
		D07E7EE61E4F024A001E7A75 /* AfterRunFeeling.swift in Sources */ = {isa = PBXBuildFile; fileRef = D07E7EE51E4F024A001E7A75 /* AfterRunFeeling.swift */; };
		D07E7EE81E512B0C001E7A75 /* CompleteRunStatsContainerView.swift in Sources */ = {isa = PBXBuildFile; fileRef = D07E7EE71E512B0C001E7A75 /* CompleteRunStatsContainerView.swift */; };
		D07E7EEA1E51A46A001E7A75 /* InProgressRunStatsContainerView.swift in Sources */ = {isa = PBXBuildFile; fileRef = D07E7EE91E51A46A001E7A75 /* InProgressRunStatsContainerView.swift */; };
		D08F2DC91E79167D00E1D7CE /* SettingsViewModel.swift in Sources */ = {isa = PBXBuildFile; fileRef = D08F2DC81E79167D00E1D7CE /* SettingsViewModel.swift */; };
		D08F2DCB1E79194900E1D7CE /* SettingsCell00.swift in Sources */ = {isa = PBXBuildFile; fileRef = D08F2DCA1E79194900E1D7CE /* SettingsCell00.swift */; };
		D090A5F31E601D7600F88047 /* SyncManager.swift in Sources */ = {isa = PBXBuildFile; fileRef = D090A5F21E601D7600F88047 /* SyncManager.swift */; };
		D090A5F61E63EE0A00F88047 /* MapKit.framework in Frameworks */ = {isa = PBXBuildFile; fileRef = D090A5F51E63EE0A00F88047 /* MapKit.framework */; };
		D0AA725B1E4BDE9F00089C24 /* FinishRunViewController.swift in Sources */ = {isa = PBXBuildFile; fileRef = D0AA725A1E4BDE9F00089C24 /* FinishRunViewController.swift */; };
		D0AA725F1E4C0D9C00089C24 /* Run.swift in Sources */ = {isa = PBXBuildFile; fileRef = D0AA725E1E4C0D9C00089C24 /* Run.swift */; };
		D0DB66DD1E543B5800323A25 /* CounterViewController.swift in Sources */ = {isa = PBXBuildFile; fileRef = D0DB66DC1E543B5800323A25 /* CounterViewController.swift */; };
		D0F715391E59315E007D9CD6 /* SettingsViewController.swift in Sources */ = {isa = PBXBuildFile; fileRef = D0F715381E59315E007D9CD6 /* SettingsViewController.swift */; };
		D0F7153B1E593883007D9CD6 /* LoginViewController.swift in Sources */ = {isa = PBXBuildFile; fileRef = D0F7153A1E593883007D9CD6 /* LoginViewController.swift */; };
		D0F7153D1E595924007D9CD6 /* GoogleService-Info.plist in Resources */ = {isa = PBXBuildFile; fileRef = D0F7153C1E595924007D9CD6 /* GoogleService-Info.plist */; };
/* End PBXBuildFile section */

/* Begin PBXFileReference section */
		02EA42B2F13182913AACBAF8 /* Pods-Runner.debug.xcconfig */ = {isa = PBXFileReference; includeInIndex = 1; lastKnownFileType = text.xcconfig; name = "Pods-Runner.debug.xcconfig"; path = "Pods/Target Support Files/Pods-Runner/Pods-Runner.debug.xcconfig"; sourceTree = "<group>"; };
		0E823B3879A7395BC18FCA82 /* Pods_Runner.framework */ = {isa = PBXFileReference; explicitFileType = wrapper.framework; includeInIndex = 0; path = Pods_Runner.framework; sourceTree = BUILT_PRODUCTS_DIR; };
		D021387B1E59A4CB00BB57DC /* User.swift */ = {isa = PBXFileReference; fileEncoding = 4; lastKnownFileType = sourcecode.swift; name = User.swift; path = Runner/User.swift; sourceTree = SOURCE_ROOT; };
		D02138811E5AE11C00BB57DC /* FeedCell.swift */ = {isa = PBXFileReference; fileEncoding = 4; lastKnownFileType = sourcecode.swift; path = FeedCell.swift; sourceTree = "<group>"; };
		D02A28341E70A9DC00594B02 /* RunDetailsViewModel.swift */ = {isa = PBXFileReference; fileEncoding = 4; lastKnownFileType = sourcecode.swift; path = RunDetailsViewModel.swift; sourceTree = "<group>"; };
		D02A28361E70AE6300594B02 /* RunDetailsCell00.swift */ = {isa = PBXFileReference; fileEncoding = 4; lastKnownFileType = sourcecode.swift; path = RunDetailsCell00.swift; sourceTree = "<group>"; };
		D02A28381E7205BF00594B02 /* RunDetailsCell01.swift */ = {isa = PBXFileReference; fileEncoding = 4; lastKnownFileType = sourcecode.swift; path = RunDetailsCell01.swift; sourceTree = "<group>"; };
		D02A283B1E72071400594B02 /* RunDetailsCell02.swift */ = {isa = PBXFileReference; fileEncoding = 4; lastKnownFileType = sourcecode.swift; name = RunDetailsCell02.swift; path = Runner/RunDetailsCell02.swift; sourceTree = SOURCE_ROOT; };
		D02A283D1E72092300594B02 /* RunDetailsCell03.swift */ = {isa = PBXFileReference; fileEncoding = 4; lastKnownFileType = sourcecode.swift; name = RunDetailsCell03.swift; path = Runner/RunDetailsCell03.swift; sourceTree = SOURCE_ROOT; };
		D0307DA61E6E1A260046C7B9 /* Extensions.swift */ = {isa = PBXFileReference; fileEncoding = 4; lastKnownFileType = sourcecode.swift; name = Extensions.swift; path = Runner/Extensions.swift; sourceTree = SOURCE_ROOT; };
		D0307DA81E6F235B0046C7B9 /* RunDetailsViewController.swift */ = {isa = PBXFileReference; fileEncoding = 4; lastKnownFileType = sourcecode.swift; name = RunDetailsViewController.swift; path = Runner/RunDetailsViewController.swift; sourceTree = SOURCE_ROOT; };
		D03124431E3EF11000C82B52 /* Runner.app */ = {isa = PBXFileReference; explicitFileType = wrapper.application; includeInIndex = 0; path = Runner.app; sourceTree = BUILT_PRODUCTS_DIR; };
		D03124461E3EF11000C82B52 /* AppDelegate.swift */ = {isa = PBXFileReference; lastKnownFileType = sourcecode.swift; path = AppDelegate.swift; sourceTree = "<group>"; };
		D03124481E3EF11000C82B52 /* RunningViewController.swift */ = {isa = PBXFileReference; lastKnownFileType = sourcecode.swift; path = RunningViewController.swift; sourceTree = "<group>"; };
		D031244B1E3EF11000C82B52 /* Base */ = {isa = PBXFileReference; lastKnownFileType = file.storyboard; name = Base; path = Base.lproj/Main.storyboard; sourceTree = "<group>"; };
		D031244D1E3EF11000C82B52 /* Assets.xcassets */ = {isa = PBXFileReference; lastKnownFileType = folder.assetcatalog; path = Assets.xcassets; sourceTree = "<group>"; };
		D03124501E3EF11000C82B52 /* Base */ = {isa = PBXFileReference; lastKnownFileType = file.storyboard; name = Base; path = Base.lproj/LaunchScreen.storyboard; sourceTree = "<group>"; };
		D03124521E3EF11000C82B52 /* Info.plist */ = {isa = PBXFileReference; lastKnownFileType = text.plist.xml; path = Info.plist; sourceTree = "<group>"; };
		D03B7DB51E58DFB500AD24D8 /* RawValueFormatter.swift */ = {isa = PBXFileReference; fileEncoding = 4; lastKnownFileType = sourcecode.swift; path = RawValueFormatter.swift; sourceTree = "<group>"; };
		D047A35A1E57CB9400B731E5 /* FeedViewModel.swift */ = {isa = PBXFileReference; fileEncoding = 4; lastKnownFileType = sourcecode.swift; path = FeedViewModel.swift; sourceTree = "<group>"; };
		D05780421E49C3CB00A69A23 /* YAxisValueFormatter.swift */ = {isa = PBXFileReference; fileEncoding = 4; lastKnownFileType = sourcecode.swift; name = YAxisValueFormatter.swift; path = Runner/YAxisValueFormatter.swift; sourceTree = SOURCE_ROOT; };
		D05780441E49CA7400A69A23 /* ChartValueFormatter.swift */ = {isa = PBXFileReference; fileEncoding = 4; lastKnownFileType = sourcecode.swift; path = ChartValueFormatter.swift; sourceTree = "<group>"; };
		D06CC4731E53A9A700BAEF17 /* Motivation.swift */ = {isa = PBXFileReference; fileEncoding = 4; lastKnownFileType = sourcecode.swift; path = Motivation.swift; sourceTree = "<group>"; };
		D06CC4751E53D13400BAEF17 /* FeedViewController.swift */ = {isa = PBXFileReference; fileEncoding = 4; lastKnownFileType = sourcecode.swift; path = FeedViewController.swift; sourceTree = "<group>"; };
		D06CC4771E53D67100BAEF17 /* Runner-Bridging-Header.h */ = {isa = PBXFileReference; fileEncoding = 4; lastKnownFileType = sourcecode.c.h; path = "Runner-Bridging-Header.h"; sourceTree = "<group>"; };
		D07E7EE51E4F024A001E7A75 /* AfterRunFeeling.swift */ = {isa = PBXFileReference; fileEncoding = 4; lastKnownFileType = sourcecode.swift; name = AfterRunFeeling.swift; path = Runner/AfterRunFeeling.swift; sourceTree = SOURCE_ROOT; };
		D07E7EE71E512B0C001E7A75 /* CompleteRunStatsContainerView.swift */ = {isa = PBXFileReference; fileEncoding = 4; lastKnownFileType = sourcecode.swift; path = CompleteRunStatsContainerView.swift; sourceTree = "<group>"; };
		D07E7EE91E51A46A001E7A75 /* InProgressRunStatsContainerView.swift */ = {isa = PBXFileReference; fileEncoding = 4; lastKnownFileType = sourcecode.swift; path = InProgressRunStatsContainerView.swift; sourceTree = "<group>"; };
		D08F2DC81E79167D00E1D7CE /* SettingsViewModel.swift */ = {isa = PBXFileReference; fileEncoding = 4; lastKnownFileType = sourcecode.swift; name = SettingsViewModel.swift; path = Runner/SettingsViewModel.swift; sourceTree = SOURCE_ROOT; };
		D08F2DCA1E79194900E1D7CE /* SettingsCell00.swift */ = {isa = PBXFileReference; fileEncoding = 4; lastKnownFileType = sourcecode.swift; path = SettingsCell00.swift; sourceTree = "<group>"; };
		D090A5F21E601D7600F88047 /* SyncManager.swift */ = {isa = PBXFileReference; fileEncoding = 4; lastKnownFileType = sourcecode.swift; name = SyncManager.swift; path = Runner/SyncManager.swift; sourceTree = SOURCE_ROOT; };
		D090A5F51E63EE0A00F88047 /* MapKit.framework */ = {isa = PBXFileReference; lastKnownFileType = wrapper.framework; name = MapKit.framework; path = System/Library/Frameworks/MapKit.framework; sourceTree = SDKROOT; };
		D0AA725A1E4BDE9F00089C24 /* FinishRunViewController.swift */ = {isa = PBXFileReference; fileEncoding = 4; lastKnownFileType = sourcecode.swift; name = FinishRunViewController.swift; path = Runner/FinishRunViewController.swift; sourceTree = SOURCE_ROOT; };
		D0AA725E1E4C0D9C00089C24 /* Run.swift */ = {isa = PBXFileReference; fileEncoding = 4; lastKnownFileType = sourcecode.swift; path = Run.swift; sourceTree = "<group>"; };
		D0DB66DC1E543B5800323A25 /* CounterViewController.swift */ = {isa = PBXFileReference; fileEncoding = 4; lastKnownFileType = sourcecode.swift; name = CounterViewController.swift; path = Runner/CounterViewController.swift; sourceTree = SOURCE_ROOT; };
		D0F715381E59315E007D9CD6 /* SettingsViewController.swift */ = {isa = PBXFileReference; fileEncoding = 4; lastKnownFileType = sourcecode.swift; path = SettingsViewController.swift; sourceTree = "<group>"; };
		D0F7153A1E593883007D9CD6 /* LoginViewController.swift */ = {isa = PBXFileReference; fileEncoding = 4; lastKnownFileType = sourcecode.swift; path = LoginViewController.swift; sourceTree = "<group>"; };
		D0F7153C1E595924007D9CD6 /* GoogleService-Info.plist */ = {isa = PBXFileReference; fileEncoding = 4; lastKnownFileType = text.plist.xml; path = "GoogleService-Info.plist"; sourceTree = "<group>"; };
		E933CD6662C82A4C228703E0 /* Pods-Runner.release.xcconfig */ = {isa = PBXFileReference; includeInIndex = 1; lastKnownFileType = text.xcconfig; name = "Pods-Runner.release.xcconfig"; path = "Pods/Target Support Files/Pods-Runner/Pods-Runner.release.xcconfig"; sourceTree = "<group>"; };
/* End PBXFileReference section */

/* Begin PBXFrameworksBuildPhase section */
		D03124401E3EF10F00C82B52 /* Frameworks */ = {
			isa = PBXFrameworksBuildPhase;
			buildActionMask = 2147483647;
			files = (
				D090A5F61E63EE0A00F88047 /* MapKit.framework in Frameworks */,
				5738FEF13F2F50F7093F9371 /* Pods_Runner.framework in Frameworks */,
			);
			runOnlyForDeploymentPostprocessing = 0;
		};
/* End PBXFrameworksBuildPhase section */

/* Begin PBXGroup section */
		746965C3DC28AE2AD5CC2655 /* Frameworks */ = {
			isa = PBXGroup;
			children = (
				D090A5F51E63EE0A00F88047 /* MapKit.framework */,
				0E823B3879A7395BC18FCA82 /* Pods_Runner.framework */,
			);
			name = Frameworks;
			sourceTree = "<group>";
		};
		A68B12711607B1C95D2B2BD9 /* Pods */ = {
			isa = PBXGroup;
			children = (
				02EA42B2F13182913AACBAF8 /* Pods-Runner.debug.xcconfig */,
				E933CD6662C82A4C228703E0 /* Pods-Runner.release.xcconfig */,
			);
			name = Pods;
			sourceTree = "<group>";
		};
		D02A283A1E7206CF00594B02 /* RunDetailCells */ = {
			isa = PBXGroup;
			children = (
				D02A28361E70AE6300594B02 /* RunDetailsCell00.swift */,
				D02A28381E7205BF00594B02 /* RunDetailsCell01.swift */,
				D02A283B1E72071400594B02 /* RunDetailsCell02.swift */,
				D02A283D1E72092300594B02 /* RunDetailsCell03.swift */,
			);
			name = RunDetailCells;
			sourceTree = "<group>";
		};
		D0307DA51E6E19A20046C7B9 /* Helpers */ = {
			isa = PBXGroup;
			children = (
				D0307DA61E6E1A260046C7B9 /* Extensions.swift */,
			);
			name = Helpers;
			sourceTree = "<group>";
		};
		D031243A1E3EF10F00C82B52 = {
			isa = PBXGroup;
			children = (
				D03124451E3EF11000C82B52 /* Runner */,
				D03124441E3EF11000C82B52 /* Products */,
				A68B12711607B1C95D2B2BD9 /* Pods */,
				746965C3DC28AE2AD5CC2655 /* Frameworks */,
			);
			sourceTree = "<group>";
		};
		D03124441E3EF11000C82B52 /* Products */ = {
			isa = PBXGroup;
			children = (
				D03124431E3EF11000C82B52 /* Runner.app */,
			);
			name = Products;
			sourceTree = "<group>";
		};
		D03124451E3EF11000C82B52 /* Runner */ = {
			isa = PBXGroup;
			children = (
				D03124461E3EF11000C82B52 /* AppDelegate.swift */,
				D07A4FC31E44487E00EEEF0A /* Model */,
				D07A4FC21E44486F00EEEF0A /* Views */,
				D07A4FC51E44489300EEEF0A /* View Models */,
				D07A4FC41E44488B00EEEF0A /* Controllers */,
				D0307DA51E6E19A20046C7B9 /* Helpers */,
				D07A4FC61E4448E100EEEF0A /* UI */,
				D07A4FC71E44490D00EEEF0A /* Assets */,
				D0AA72601E4C235600089C24 /* Formatters */,
				D090A5F11E601D2600F88047 /* Server */,
				D07A4FC81E44493B00EEEF0A /* Supporting Files */,
			);
			name = Runner;
			path = runner;
			sourceTree = "<group>";
		};
		D07A4FC21E44486F00EEEF0A /* Views */ = {
			isa = PBXGroup;
			children = (
				D07E7EE91E51A46A001E7A75 /* InProgressRunStatsContainerView.swift */,
				D07E7EE71E512B0C001E7A75 /* CompleteRunStatsContainerView.swift */,
				D02138811E5AE11C00BB57DC /* FeedCell.swift */,
				D02A283A1E7206CF00594B02 /* RunDetailCells */,
				D08F2DC71E7915F000E1D7CE /* SettingsCells */,
			);
			name = Views;
			sourceTree = "<group>";
		};
		D07A4FC31E44487E00EEEF0A /* Model */ = {
			isa = PBXGroup;
			children = (
				D021387B1E59A4CB00BB57DC /* User.swift */,
				D0AA725E1E4C0D9C00089C24 /* Run.swift */,
				D07E7EE51E4F024A001E7A75 /* AfterRunFeeling.swift */,
				D06CC4731E53A9A700BAEF17 /* Motivation.swift */,
			);
			name = Model;
			sourceTree = "<group>";
		};
		D07A4FC41E44488B00EEEF0A /* Controllers */ = {
			isa = PBXGroup;
			children = (
				D0F7153A1E593883007D9CD6 /* LoginViewController.swift */,
				D0F715381E59315E007D9CD6 /* SettingsViewController.swift */,
				D06CC4751E53D13400BAEF17 /* FeedViewController.swift */,
				D0307DA81E6F235B0046C7B9 /* RunDetailsViewController.swift */,
				D0DB66DC1E543B5800323A25 /* CounterViewController.swift */,
				D03124481E3EF11000C82B52 /* RunningViewController.swift */,
				D0AA725A1E4BDE9F00089C24 /* FinishRunViewController.swift */,
			);
			name = Controllers;
			sourceTree = "<group>";
		};
		D07A4FC51E44489300EEEF0A /* View Models */ = {
			isa = PBXGroup;
			children = (
				D047A35A1E57CB9400B731E5 /* FeedViewModel.swift */,
				D02A28341E70A9DC00594B02 /* RunDetailsViewModel.swift */,
				D08F2DC81E79167D00E1D7CE /* SettingsViewModel.swift */,
			);
			name = "View Models";
			sourceTree = "<group>";
		};
		D07A4FC61E4448E100EEEF0A /* UI */ = {
			isa = PBXGroup;
			children = (
				D031244F1E3EF11000C82B52 /* LaunchScreen.storyboard */,
				D031244A1E3EF11000C82B52 /* Main.storyboard */,
			);
			name = UI;
			sourceTree = "<group>";
		};
		D07A4FC71E44490D00EEEF0A /* Assets */ = {
			isa = PBXGroup;
			children = (
				D031244D1E3EF11000C82B52 /* Assets.xcassets */,
			);
			name = Assets;
			sourceTree = "<group>";
		};
		D07A4FC81E44493B00EEEF0A /* Supporting Files */ = {
			isa = PBXGroup;
			children = (
				D03124521E3EF11000C82B52 /* Info.plist */,
				D0F7153C1E595924007D9CD6 /* GoogleService-Info.plist */,
				D06CC4771E53D67100BAEF17 /* Runner-Bridging-Header.h */,
			);
			name = "Supporting Files";
			sourceTree = "<group>";
		};
		D08F2DC71E7915F000E1D7CE /* SettingsCells */ = {
			isa = PBXGroup;
			children = (
				D08F2DCA1E79194900E1D7CE /* SettingsCell00.swift */,
			);
			name = SettingsCells;
			sourceTree = "<group>";
		};
		D090A5F11E601D2600F88047 /* Server */ = {
			isa = PBXGroup;
			children = (
				D090A5F21E601D7600F88047 /* SyncManager.swift */,
			);
			name = Server;
			sourceTree = "<group>";
		};
		D0AA72601E4C235600089C24 /* Formatters */ = {
			isa = PBXGroup;
			children = (
				D05780421E49C3CB00A69A23 /* YAxisValueFormatter.swift */,
				D05780441E49CA7400A69A23 /* ChartValueFormatter.swift */,
				D03B7DB51E58DFB500AD24D8 /* RawValueFormatter.swift */,
			);
			name = Formatters;
			sourceTree = "<group>";
		};
/* End PBXGroup section */

/* Begin PBXNativeTarget section */
		D03124421E3EF10F00C82B52 /* Runner */ = {
			isa = PBXNativeTarget;
			buildConfigurationList = D03124551E3EF11000C82B52 /* Build configuration list for PBXNativeTarget "Runner" */;
			buildPhases = (
				83A8A48F48D91C2286E551BA /* [CP] Check Pods Manifest.lock */,
				D031243F1E3EF10F00C82B52 /* Sources */,
				D03124401E3EF10F00C82B52 /* Frameworks */,
				D03124411E3EF10F00C82B52 /* Resources */,
				813F32D22960FC54D658F30E /* [CP] Embed Pods Frameworks */,
				1B92B867A5D567CAC3E8ABB3 /* [CP] Copy Pods Resources */,
			);
			buildRules = (
			);
			dependencies = (
			);
			name = Runner;
			productName = runner;
			productReference = D03124431E3EF11000C82B52 /* Runner.app */;
			productType = "com.apple.product-type.application";
		};
/* End PBXNativeTarget section */

/* Begin PBXProject section */
		D031243B1E3EF10F00C82B52 /* Project object */ = {
			isa = PBXProject;
			attributes = {
				LastSwiftUpdateCheck = 0820;
				LastUpgradeCheck = 0820;
				ORGANIZATIONNAME = "Thiago Heitling";
				TargetAttributes = {
					D03124421E3EF10F00C82B52 = {
						CreatedOnToolsVersion = 8.2.1;
						DevelopmentTeam = QJTG96F33N;
						ProvisioningStyle = Automatic;
						SystemCapabilities = {
							com.apple.BackgroundModes = {
								enabled = 1;
							};
							com.apple.Maps.iOS = {
								enabled = 1;
							};
						};
					};
				};
			};
			buildConfigurationList = D031243E1E3EF10F00C82B52 /* Build configuration list for PBXProject "Runner" */;
			compatibilityVersion = "Xcode 3.2";
			developmentRegion = English;
			hasScannedForEncodings = 0;
			knownRegions = (
				en,
				Base,
			);
			mainGroup = D031243A1E3EF10F00C82B52;
			productRefGroup = D03124441E3EF11000C82B52 /* Products */;
			projectDirPath = "";
			projectRoot = "";
			targets = (
				D03124421E3EF10F00C82B52 /* Runner */,
			);
		};
/* End PBXProject section */

/* Begin PBXResourcesBuildPhase section */
		D03124411E3EF10F00C82B52 /* Resources */ = {
			isa = PBXResourcesBuildPhase;
			buildActionMask = 2147483647;
			files = (
				D03124511E3EF11000C82B52 /* LaunchScreen.storyboard in Resources */,
				D0F7153D1E595924007D9CD6 /* GoogleService-Info.plist in Resources */,
				D031244E1E3EF11000C82B52 /* Assets.xcassets in Resources */,
				D031244C1E3EF11000C82B52 /* Main.storyboard in Resources */,
			);
			runOnlyForDeploymentPostprocessing = 0;
		};
/* End PBXResourcesBuildPhase section */

/* Begin PBXShellScriptBuildPhase section */
		1B92B867A5D567CAC3E8ABB3 /* [CP] Copy Pods Resources */ = {
			isa = PBXShellScriptBuildPhase;
			buildActionMask = 2147483647;
			files = (
			);
			inputPaths = (
			);
			name = "[CP] Copy Pods Resources";
			outputPaths = (
			);
			runOnlyForDeploymentPostprocessing = 0;
			shellPath = /bin/sh;
			shellScript = "\"${SRCROOT}/Pods/Target Support Files/Pods-Runner/Pods-Runner-resources.sh\"\n";
			showEnvVarsInLog = 0;
		};
		813F32D22960FC54D658F30E /* [CP] Embed Pods Frameworks */ = {
			isa = PBXShellScriptBuildPhase;
			buildActionMask = 2147483647;
			files = (
			);
			inputPaths = (
			);
			name = "[CP] Embed Pods Frameworks";
			outputPaths = (
			);
			runOnlyForDeploymentPostprocessing = 0;
			shellPath = /bin/sh;
			shellScript = "\"${SRCROOT}/Pods/Target Support Files/Pods-Runner/Pods-Runner-frameworks.sh\"\n";
			showEnvVarsInLog = 0;
		};
		83A8A48F48D91C2286E551BA /* [CP] Check Pods Manifest.lock */ = {
			isa = PBXShellScriptBuildPhase;
			buildActionMask = 2147483647;
			files = (
			);
			inputPaths = (
			);
			name = "[CP] Check Pods Manifest.lock";
			outputPaths = (
			);
			runOnlyForDeploymentPostprocessing = 0;
			shellPath = /bin/sh;
			shellScript = "diff \"${PODS_ROOT}/../Podfile.lock\" \"${PODS_ROOT}/Manifest.lock\" > /dev/null\nif [ $? != 0 ] ; then\n    # print error to STDERR\n    echo \"error: The sandbox is not in sync with the Podfile.lock. Run 'pod install' or update your CocoaPods installation.\" >&2\n    exit 1\nfi\n";
			showEnvVarsInLog = 0;
		};
/* End PBXShellScriptBuildPhase section */

/* Begin PBXSourcesBuildPhase section */
		D031243F1E3EF10F00C82B52 /* Sources */ = {
			isa = PBXSourcesBuildPhase;
			buildActionMask = 2147483647;
			files = (
				D07E7EE81E512B0C001E7A75 /* CompleteRunStatsContainerView.swift in Sources */,
				D03B7DB61E58DFB500AD24D8 /* RawValueFormatter.swift in Sources */,
				D05780431E49C3CB00A69A23 /* YAxisValueFormatter.swift in Sources */,
				D02A28371E70AE6300594B02 /* RunDetailsCell00.swift in Sources */,
				D0307DA91E6F235B0046C7B9 /* RunDetailsViewController.swift in Sources */,
				D06CC4741E53A9A700BAEF17 /* Motivation.swift in Sources */,
				D02A28391E7205BF00594B02 /* RunDetailsCell01.swift in Sources */,
				D0AA725F1E4C0D9C00089C24 /* Run.swift in Sources */,
				D07E7EEA1E51A46A001E7A75 /* InProgressRunStatsContainerView.swift in Sources */,
				D02A28351E70A9DC00594B02 /* RunDetailsViewModel.swift in Sources */,
				D0AA725B1E4BDE9F00089C24 /* FinishRunViewController.swift in Sources */,
				D02A283E1E72092300594B02 /* RunDetailsCell03.swift in Sources */,
				D021387C1E59A4CB00BB57DC /* User.swift in Sources */,
				D03124491E3EF11000C82B52 /* RunningViewController.swift in Sources */,
				D0F715391E59315E007D9CD6 /* SettingsViewController.swift in Sources */,
				D06CC4761E53D13400BAEF17 /* FeedViewController.swift in Sources */,
				D03124471E3EF11000C82B52 /* AppDelegate.swift in Sources */,
				D0DB66DD1E543B5800323A25 /* CounterViewController.swift in Sources */,
				D02A283C1E72071400594B02 /* RunDetailsCell02.swift in Sources */,
				D0F7153B1E593883007D9CD6 /* LoginViewController.swift in Sources */,
				D05780451E49CA7400A69A23 /* ChartValueFormatter.swift in Sources */,
				D0307DA71E6E1A260046C7B9 /* Extensions.swift in Sources */,
				D07E7EE61E4F024A001E7A75 /* AfterRunFeeling.swift in Sources */,
				D047A35B1E57CB9400B731E5 /* FeedViewModel.swift in Sources */,
				D08F2DCB1E79194900E1D7CE /* SettingsCell00.swift in Sources */,
				D02138821E5AE11C00BB57DC /* FeedCell.swift in Sources */,
				D090A5F31E601D7600F88047 /* SyncManager.swift in Sources */,
				D08F2DC91E79167D00E1D7CE /* SettingsViewModel.swift in Sources */,
			);
			runOnlyForDeploymentPostprocessing = 0;
		};
/* End PBXSourcesBuildPhase section */

/* Begin PBXVariantGroup section */
		D031244A1E3EF11000C82B52 /* Main.storyboard */ = {
			isa = PBXVariantGroup;
			children = (
				D031244B1E3EF11000C82B52 /* Base */,
			);
			name = Main.storyboard;
			sourceTree = "<group>";
		};
		D031244F1E3EF11000C82B52 /* LaunchScreen.storyboard */ = {
			isa = PBXVariantGroup;
			children = (
				D03124501E3EF11000C82B52 /* Base */,
			);
			name = LaunchScreen.storyboard;
			sourceTree = "<group>";
		};
/* End PBXVariantGroup section */

/* Begin XCBuildConfiguration section */
		D03124531E3EF11000C82B52 /* Debug */ = {
			isa = XCBuildConfiguration;
			buildSettings = {
				ALWAYS_SEARCH_USER_PATHS = NO;
				CLANG_ANALYZER_NONNULL = YES;
				CLANG_CXX_LANGUAGE_STANDARD = "gnu++0x";
				CLANG_CXX_LIBRARY = "libc++";
				CLANG_ENABLE_MODULES = YES;
				CLANG_ENABLE_OBJC_ARC = YES;
				CLANG_WARN_BOOL_CONVERSION = YES;
				CLANG_WARN_CONSTANT_CONVERSION = YES;
				CLANG_WARN_DIRECT_OBJC_ISA_USAGE = YES_ERROR;
				CLANG_WARN_DOCUMENTATION_COMMENTS = YES;
				CLANG_WARN_EMPTY_BODY = YES;
				CLANG_WARN_ENUM_CONVERSION = YES;
				CLANG_WARN_INFINITE_RECURSION = YES;
				CLANG_WARN_INT_CONVERSION = YES;
				CLANG_WARN_OBJC_ROOT_CLASS = YES_ERROR;
				CLANG_WARN_SUSPICIOUS_MOVE = YES;
				CLANG_WARN_UNREACHABLE_CODE = YES;
				CLANG_WARN__DUPLICATE_METHOD_MATCH = YES;
				"CODE_SIGN_IDENTITY[sdk=iphoneos*]" = "iPhone Developer";
				COPY_PHASE_STRIP = NO;
				DEBUG_INFORMATION_FORMAT = dwarf;
				ENABLE_STRICT_OBJC_MSGSEND = YES;
				ENABLE_TESTABILITY = YES;
				GCC_C_LANGUAGE_STANDARD = gnu99;
				GCC_DYNAMIC_NO_PIC = NO;
				GCC_NO_COMMON_BLOCKS = YES;
				GCC_OPTIMIZATION_LEVEL = 0;
				GCC_PREPROCESSOR_DEFINITIONS = (
					"DEBUG=1",
					"$(inherited)",
				);
				GCC_WARN_64_TO_32_BIT_CONVERSION = YES;
				GCC_WARN_ABOUT_RETURN_TYPE = YES_ERROR;
				GCC_WARN_UNDECLARED_SELECTOR = YES;
				GCC_WARN_UNINITIALIZED_AUTOS = YES_AGGRESSIVE;
				GCC_WARN_UNUSED_FUNCTION = YES;
				GCC_WARN_UNUSED_VARIABLE = YES;
				IPHONEOS_DEPLOYMENT_TARGET = 10.2;
				MTL_ENABLE_DEBUG_INFO = YES;
				ONLY_ACTIVE_ARCH = YES;
				SDKROOT = iphoneos;
				SWIFT_ACTIVE_COMPILATION_CONDITIONS = DEBUG;
				SWIFT_OPTIMIZATION_LEVEL = "-Onone";
				TARGETED_DEVICE_FAMILY = "1,2";
			};
			name = Debug;
		};
		D03124541E3EF11000C82B52 /* Release */ = {
			isa = XCBuildConfiguration;
			buildSettings = {
				ALWAYS_SEARCH_USER_PATHS = NO;
				CLANG_ANALYZER_NONNULL = YES;
				CLANG_CXX_LANGUAGE_STANDARD = "gnu++0x";
				CLANG_CXX_LIBRARY = "libc++";
				CLANG_ENABLE_MODULES = YES;
				CLANG_ENABLE_OBJC_ARC = YES;
				CLANG_WARN_BOOL_CONVERSION = YES;
				CLANG_WARN_CONSTANT_CONVERSION = YES;
				CLANG_WARN_DIRECT_OBJC_ISA_USAGE = YES_ERROR;
				CLANG_WARN_DOCUMENTATION_COMMENTS = YES;
				CLANG_WARN_EMPTY_BODY = YES;
				CLANG_WARN_ENUM_CONVERSION = YES;
				CLANG_WARN_INFINITE_RECURSION = YES;
				CLANG_WARN_INT_CONVERSION = YES;
				CLANG_WARN_OBJC_ROOT_CLASS = YES_ERROR;
				CLANG_WARN_SUSPICIOUS_MOVE = YES;
				CLANG_WARN_UNREACHABLE_CODE = YES;
				CLANG_WARN__DUPLICATE_METHOD_MATCH = YES;
				"CODE_SIGN_IDENTITY[sdk=iphoneos*]" = "iPhone Developer";
				COPY_PHASE_STRIP = NO;
				DEBUG_INFORMATION_FORMAT = "dwarf-with-dsym";
				ENABLE_NS_ASSERTIONS = NO;
				ENABLE_STRICT_OBJC_MSGSEND = YES;
				GCC_C_LANGUAGE_STANDARD = gnu99;
				GCC_NO_COMMON_BLOCKS = YES;
				GCC_WARN_64_TO_32_BIT_CONVERSION = YES;
				GCC_WARN_ABOUT_RETURN_TYPE = YES_ERROR;
				GCC_WARN_UNDECLARED_SELECTOR = YES;
				GCC_WARN_UNINITIALIZED_AUTOS = YES_AGGRESSIVE;
				GCC_WARN_UNUSED_FUNCTION = YES;
				GCC_WARN_UNUSED_VARIABLE = YES;
				IPHONEOS_DEPLOYMENT_TARGET = 10.2;
				MTL_ENABLE_DEBUG_INFO = NO;
				SDKROOT = iphoneos;
				SWIFT_OPTIMIZATION_LEVEL = "-Owholemodule";
				TARGETED_DEVICE_FAMILY = "1,2";
				VALIDATE_PRODUCT = YES;
			};
			name = Release;
		};
		D03124561E3EF11000C82B52 /* Debug */ = {
			isa = XCBuildConfiguration;
			baseConfigurationReference = 02EA42B2F13182913AACBAF8 /* Pods-Runner.debug.xcconfig */;
			buildSettings = {
				ASSETCATALOG_COMPILER_APPICON_NAME = AppIcon;
				DEVELOPMENT_TEAM = QJTG96F33N;
				INFOPLIST_FILE = Runner/Info.plist;
				LD_RUNPATH_SEARCH_PATHS = "$(inherited) @executable_path/Frameworks";
				PRODUCT_BUNDLE_IDENTIFIER = com.thiagoheitling.runner;
				PRODUCT_NAME = "$(TARGET_NAME)";
				SWIFT_OBJC_BRIDGING_HEADER = "Runner/Runner-Bridging-Header.h";
				SWIFT_VERSION = 3.0;
				USER_HEADER_SEARCH_PATHS = "Pods/**";
			};
			name = Debug;
		};
		D03124571E3EF11000C82B52 /* Release */ = {
			isa = XCBuildConfiguration;
			baseConfigurationReference = E933CD6662C82A4C228703E0 /* Pods-Runner.release.xcconfig */;
			buildSettings = {
				ASSETCATALOG_COMPILER_APPICON_NAME = AppIcon;
				DEVELOPMENT_TEAM = QJTG96F33N;
				INFOPLIST_FILE = Runner/Info.plist;
				LD_RUNPATH_SEARCH_PATHS = "$(inherited) @executable_path/Frameworks";
				PRODUCT_BUNDLE_IDENTIFIER = com.thiagoheitling.runner;
				PRODUCT_NAME = "$(TARGET_NAME)";
				SWIFT_OBJC_BRIDGING_HEADER = "Runner/Runner-Bridging-Header.h";
				SWIFT_VERSION = 3.0;
				USER_HEADER_SEARCH_PATHS = "Pods/**";
			};
			name = Release;
		};
/* End XCBuildConfiguration section */

/* Begin XCConfigurationList section */
		D031243E1E3EF10F00C82B52 /* Build configuration list for PBXProject "Runner" */ = {
			isa = XCConfigurationList;
			buildConfigurations = (
				D03124531E3EF11000C82B52 /* Debug */,
				D03124541E3EF11000C82B52 /* Release */,
			);
			defaultConfigurationIsVisible = 0;
			defaultConfigurationName = Release;
		};
		D03124551E3EF11000C82B52 /* Build configuration list for PBXNativeTarget "Runner" */ = {
			isa = XCConfigurationList;
			buildConfigurations = (
				D03124561E3EF11000C82B52 /* Debug */,
				D03124571E3EF11000C82B52 /* Release */,
			);
			defaultConfigurationIsVisible = 0;
			defaultConfigurationName = Release;
		};
/* End XCConfigurationList section */
	};
	rootObject = D031243B1E3EF10F00C82B52 /* Project object */;
}
